
Microsoft Visual Studio Solution File, Format Version 12.00
# Visual Studio 14
VisualStudioVersion = 14.0.25420.1
MinimumVisualStudioVersion = 10.0.40219.1
Project("{FAE04EC0-301F-11D3-BF4B-00C04F79EFBC}") = "Carubbi.StateMachine", "Carubbi.StateMachine\Carubbi.StateMachine.csproj", "{F45ED86E-DF26-4B2A-BAFF-25D8B6955574}"
EndProject
Project("{FAE04EC0-301F-11D3-BF4B-00C04F79EFBC}") = "Carubbi.NegocioTeste", "Carubbi.NegocioTeste\Carubbi.NegocioTeste.csproj", "{7002533C-538F-4480-AE33-B6BE4D1E7762}"
EndProject
Project("{FAE04EC0-301F-11D3-BF4B-00C04F79EFBC}") = "Carubbi.UITeste", "Carubbi.UITeste\Carubbi.UITeste.csproj", "{3F701CFC-BAA2-491A-BE7E-E6FFABF39CE1}"
EndProject
Project("{FAE04EC0-301F-11D3-BF4B-00C04F79EFBC}") = "Carubbi.Negocio", "Carubbi.Negocio\Carubbi.Negocio.csproj", "{49F5D2E6-F078-4948-B129-7F35E9FC4121}"
EndProject
Global
	GlobalSection(SolutionConfigurationPlatforms) = preSolution
		Debug|Any CPU = Debug|Any CPU
		Release|Any CPU = Release|Any CPU
	EndGlobalSection
	GlobalSection(ProjectConfigurationPlatforms) = postSolution
		{F45ED86E-DF26-4B2A-BAFF-25D8B6955574}.Debug|Any CPU.ActiveCfg = Debug|Any CPU
		{F45ED86E-DF26-4B2A-BAFF-25D8B6955574}.Debug|Any CPU.Build.0 = Debug|Any CPU
		{F45ED86E-DF26-4B2A-BAFF-25D8B6955574}.Release|Any CPU.ActiveCfg = Release|Any CPU
		{F45ED86E-DF26-4B2A-BAFF-25D8B6955574}.Release|Any CPU.Build.0 = Release|Any CPU
		{7002533C-538F-4480-AE33-B6BE4D1E7762}.Debug|Any CPU.ActiveCfg = Debug|Any CPU
		{7002533C-538F-4480-AE33-B6BE4D1E7762}.Debug|Any CPU.Build.0 = Debug|Any CPU
		{7002533C-538F-4480-AE33-B6BE4D1E7762}.Release|Any CPU.ActiveCfg = Release|Any CPU
		{7002533C-538F-4480-AE33-B6BE4D1E7762}.Release|Any CPU.Build.0 = Release|Any CPU
		{3F701CFC-BAA2-491A-BE7E-E6FFABF39CE1}.Debug|Any CPU.ActiveCfg = Debug|Any CPU
		{3F701CFC-BAA2-491A-BE7E-E6FFABF39CE1}.Debug|Any CPU.Build.0 = Debug|Any CPU
		{3F701CFC-BAA2-491A-BE7E-E6FFABF39CE1}.Release|Any CPU.ActiveCfg = Release|Any CPU
		{3F701CFC-BAA2-491A-BE7E-E6FFABF39CE1}.Release|Any CPU.Build.0 = Release|Any CPU
		{49F5D2E6-F078-4948-B129-7F35E9FC4121}.Debug|Any CPU.ActiveCfg = Debug|Any CPU
		{49F5D2E6-F078-4948-B129-7F35E9FC4121}.Debug|Any CPU.Build.0 = Debug|Any CPU
		{49F5D2E6-F078-4948-B129-7F35E9FC4121}.Release|Any CPU.ActiveCfg = Release|Any CPU
		{49F5D2E6-F078-4948-B129-7F35E9FC4121}.Release|Any CPU.Build.0 = Release|Any CPU
	EndGlobalSection
	GlobalSection(SolutionProperties) = preSolution
		HideSolutionNode = FALSE
	EndGlobalSection
	GlobalSection(RationalClearCase) = preSolution
		SourceControlProvider = RationalClearCase
	EndGlobalSection
EndGlobal
