
Microsoft Visual Studio Solution File, Format Version 12.00
# Visual Studio 15
VisualStudioVersion = 15.0.27703.2035
MinimumVisualStudioVersion = 10.0.40219.1
Project("{FAE04EC0-301F-11D3-BF4B-00C04F79EFBC}") = "Carubbi.StateMachine", "Carubbi.StateMachine\Carubbi.StateMachine.csproj", "{4ED61A0C-3549-4D9B-BFFB-7188FB55D8F6}"
EndProject
Project("{FAE04EC0-301F-11D3-BF4B-00C04F79EFBC}") = "Carubbi.StateMachine.UnitTests", "Carubbi.StateMachine.UnitTests\Carubbi.StateMachine.UnitTests.csproj", "{6E961325-F52C-4747-967A-9ED8479D9ED3}"
EndProject
Global
	GlobalSection(SolutionConfigurationPlatforms) = preSolution
		Debug|Any CPU = Debug|Any CPU
		Release|Any CPU = Release|Any CPU
	EndGlobalSection
	GlobalSection(ProjectConfigurationPlatforms) = postSolution
		{4ED61A0C-3549-4D9B-BFFB-7188FB55D8F6}.Debug|Any CPU.ActiveCfg = Debug|Any CPU
		{4ED61A0C-3549-4D9B-BFFB-7188FB55D8F6}.Debug|Any CPU.Build.0 = Debug|Any CPU
		{4ED61A0C-3549-4D9B-BFFB-7188FB55D8F6}.Release|Any CPU.ActiveCfg = Release|Any CPU
		{4ED61A0C-3549-4D9B-BFFB-7188FB55D8F6}.Release|Any CPU.Build.0 = Release|Any CPU
		{6E961325-F52C-4747-967A-9ED8479D9ED3}.Debug|Any CPU.ActiveCfg = Debug|Any CPU
		{6E961325-F52C-4747-967A-9ED8479D9ED3}.Debug|Any CPU.Build.0 = Debug|Any CPU
		{6E961325-F52C-4747-967A-9ED8479D9ED3}.Release|Any CPU.ActiveCfg = Release|Any CPU
		{6E961325-F52C-4747-967A-9ED8479D9ED3}.Release|Any CPU.Build.0 = Release|Any CPU
	EndGlobalSection
	GlobalSection(SolutionProperties) = preSolution
		HideSolutionNode = FALSE
	EndGlobalSection
	GlobalSection(ExtensibilityGlobals) = postSolution
		SolutionGuid = {5BD12951-95DA-4260-92F9-F395DDC5B18B}
	EndGlobalSection
	GlobalSection(RationalClearCase) = preSolution
		SourceControlProvider = RationalClearCase
	EndGlobalSection
EndGlobal
